
Microsoft Visual Studio Solution File, Format Version 12.00
# Visual Studio Version 17
VisualStudioVersion = 17.6.33829.357
MinimumVisualStudioVersion = 10.0.40219.1
Project("{FAE04EC0-301F-11D3-BF4B-00C04F79EFBC}") = "ProductAPI", "ProductAPI.csproj", "{9BD8F98C-4FE7-4697-8102-C5E8DC3373CE}"
EndProject
Global
	GlobalSection(SolutionConfigurationPlatforms) = preSolution
		Debug|Any CPU = Debug|Any CPU
		Release|Any CPU = Release|Any CPU
	EndGlobalSection
	GlobalSection(ProjectConfigurationPlatforms) = postSolution
		{9BD8F98C-4FE7-4697-8102-C5E8DC3373CE}.Debug|Any CPU.ActiveCfg = Debug|Any CPU
		{9BD8F98C-4FE7-4697-8102-C5E8DC3373CE}.Debug|Any CPU.Build.0 = Debug|Any CPU
		{9BD8F98C-4FE7-4697-8102-C5E8DC3373CE}.Release|Any CPU.ActiveCfg = Release|Any CPU
		{9BD8F98C-4FE7-4697-8102-C5E8DC3373CE}.Release|Any CPU.Build.0 = Release|Any CPU
	EndGlobalSection
	GlobalSection(SolutionProperties) = preSolution
		HideSolutionNode = FALSE
	EndGlobalSection
	GlobalSection(ExtensibilityGlobals) = postSolution
		SolutionGuid = {ABD930B9-E12D-4D95-8734-9A10CB53BCB6}
	EndGlobalSection
EndGlobal
